// !$*UTF8*$!
{
	archiveVersion = 1;
	classes = {
	};
	objectVersion = 77;
	objects = {

/* Begin PBXBuildFile section */
		03605411B108CA619DFA4C26 /* DataStore.swift in Sources */ = {isa = PBXBuildFile; fileRef = 65D89403AE982C82EA13E5BF /* DataStore.swift */; };
		0A40ABFCAAA441886233C4F1 /* MeetingDomain.swift in Sources */ = {isa = PBXBuildFile; fileRef = 94AA71773D6A025DB661552E /* MeetingDomain.swift */; };
		184EF705E78F44CB5D2F4E73 /* PermissionManager.swift in Sources */ = {isa = PBXBuildFile; fileRef = EFB0991C22873BA71F9E7308 /* PermissionManager.swift */; };
		25390CF2AEF3535EB56B74B5 /* ExternalActivitySource.swift in Sources */ = {isa = PBXBuildFile; fileRef = BF86758D6CD13D12CA27CD74 /* ExternalActivitySource.swift */; };
		275A6F1422A60B0FDAF44E9C /* AppLogger.swift in Sources */ = {isa = PBXBuildFile; fileRef = E9EB6302D3213EAF453ABED5 /* AppLogger.swift */; };
		30BC302E98403A549149F175 /* ActivitySource.swift in Sources */ = {isa = PBXBuildFile; fileRef = E4AE3153E1CBA41A0AA34A1F /* ActivitySource.swift */; };
		386931D1E152812889CE801E /* Assets.xcassets in Resources */ = {isa = PBXBuildFile; fileRef = 13C0899B26B93AE56F822921 /* Assets.xcassets */; };
		3C92052C8FD0DC70741FBCDE /* ActivitySourceFactory.swift in Sources */ = {isa = PBXBuildFile; fileRef = 1160D71D448EE897BE24E544 /* ActivitySourceFactory.swift */; };
		42C62FC44CC606DEEEC97ACB /* EventBroadcaster.swift in Sources */ = {isa = PBXBuildFile; fileRef = 5847E1116B3A7A71D7D4A861 /* EventBroadcaster.swift */; };
		5143A641F184C1F7CAEA6DF9 /* EmbeddedActivitySource.swift in Sources */ = {isa = PBXBuildFile; fileRef = 325A836ED05E62B071D205E5 /* EmbeddedActivitySource.swift */; };
		7CCDE70DF585277D9BE5B2D1 /* ActivityCoordinator.swift in Sources */ = {isa = PBXBuildFile; fileRef = BBB239DBBE772976C93B6AED /* ActivityCoordinator.swift */; };
		7E724D3EB172AE87F0509D4F /* StreamServer.swift in Sources */ = {isa = PBXBuildFile; fileRef = 8BF40DBFFBF5303B0816FD09 /* StreamServer.swift */; };
		8E94F76BA4FB08146662A5DF /* MeetingDetector.swift in Sources */ = {isa = PBXBuildFile; fileRef = 640BC60E2686D87DE2C31DEF /* MeetingDetector.swift */; };
		9F39D66AF68D9C8DE6F309F2 /* MenuBarView.swift in Sources */ = {isa = PBXBuildFile; fileRef = F0549BF3F33E65AE6E591DEA /* MenuBarView.swift */; };
		B81B347B541837A968E0F514 /* HealthMonitor.swift in Sources */ = {isa = PBXBuildFile; fileRef = 71D117167BDBF22942F57C90 /* HealthMonitor.swift */; };
		BCFBE8B23E3F6280FF8DFA84 /* StreamProtocol.swift in Sources */ = {isa = PBXBuildFile; fileRef = 20D8A70A8E9AA30ADE418495 /* StreamProtocol.swift */; };
		C22C31FB2B53AE191DBAC26A /* NativeWindowWatcher.swift in Sources */ = {isa = PBXBuildFile; fileRef = C5862EA366B86BE8A3DFCF56 /* NativeWindowWatcher.swift */; };
		C540FC47A25646E5D948041D /* InstanceGuard.swift in Sources */ = {isa = PBXBuildFile; fileRef = 92B899BE990F4E1877884F7F /* InstanceGuard.swift */; };
		C639AA83A66891F5239BB948 /* FocusHelperApp.swift in Sources */ = {isa = PBXBuildFile; fileRef = A4F37F00ABB26BEE6F858FBA /* FocusHelperApp.swift */; };
		EB2C8C75E11244CB87E49DA4 /* ActivityDomain.swift in Sources */ = {isa = PBXBuildFile; fileRef = FF4D7C147124E5D7C8339084 /* ActivityDomain.swift */; };
		F5936A226C45A4C138E29B90 /* Models.swift in Sources */ = {isa = PBXBuildFile; fileRef = 1D793AACBBE58D64FFC7E526 /* Models.swift */; };
/* End PBXBuildFile section */

/* Begin PBXFileReference section */
		1160D71D448EE897BE24E544 /* ActivitySourceFactory.swift */ = {isa = PBXFileReference; lastKnownFileType = sourcecode.swift; path = ActivitySourceFactory.swift; sourceTree = "<group>"; };
		13C0899B26B93AE56F822921 /* Assets.xcassets */ = {isa = PBXFileReference; lastKnownFileType = folder.assetcatalog; path = Assets.xcassets; sourceTree = "<group>"; };
		1D793AACBBE58D64FFC7E526 /* Models.swift */ = {isa = PBXFileReference; lastKnownFileType = sourcecode.swift; path = Models.swift; sourceTree = "<group>"; };
		20D8A70A8E9AA30ADE418495 /* StreamProtocol.swift */ = {isa = PBXFileReference; lastKnownFileType = sourcecode.swift; path = StreamProtocol.swift; sourceTree = "<group>"; };
		325A836ED05E62B071D205E5 /* EmbeddedActivitySource.swift */ = {isa = PBXFileReference; lastKnownFileType = sourcecode.swift; path = EmbeddedActivitySource.swift; sourceTree = "<group>"; };
		446E0E8C11F61DFBB031CA60 /* ChronaHelper.app */ = {isa = PBXFileReference; explicitFileType = wrapper.application; includeInIndex = 0; path = ChronaHelper.app; sourceTree = BUILT_PRODUCTS_DIR; };
		5847E1116B3A7A71D7D4A861 /* EventBroadcaster.swift */ = {isa = PBXFileReference; lastKnownFileType = sourcecode.swift; path = EventBroadcaster.swift; sourceTree = "<group>"; };
		640BC60E2686D87DE2C31DEF /* MeetingDetector.swift */ = {isa = PBXFileReference; lastKnownFileType = sourcecode.swift; path = MeetingDetector.swift; sourceTree = "<group>"; };
		65D89403AE982C82EA13E5BF /* DataStore.swift */ = {isa = PBXFileReference; lastKnownFileType = sourcecode.swift; path = DataStore.swift; sourceTree = "<group>"; };
		71D117167BDBF22942F57C90 /* HealthMonitor.swift */ = {isa = PBXFileReference; lastKnownFileType = sourcecode.swift; path = HealthMonitor.swift; sourceTree = "<group>"; };
		8BF40DBFFBF5303B0816FD09 /* StreamServer.swift */ = {isa = PBXFileReference; lastKnownFileType = sourcecode.swift; path = StreamServer.swift; sourceTree = "<group>"; };
		92B899BE990F4E1877884F7F /* InstanceGuard.swift */ = {isa = PBXFileReference; lastKnownFileType = sourcecode.swift; path = InstanceGuard.swift; sourceTree = "<group>"; };
		94AA71773D6A025DB661552E /* MeetingDomain.swift */ = {isa = PBXFileReference; lastKnownFileType = sourcecode.swift; path = MeetingDomain.swift; sourceTree = "<group>"; };
		A4F37F00ABB26BEE6F858FBA /* FocusHelperApp.swift */ = {isa = PBXFileReference; lastKnownFileType = sourcecode.swift; path = FocusHelperApp.swift; sourceTree = "<group>"; };
		BBB239DBBE772976C93B6AED /* ActivityCoordinator.swift */ = {isa = PBXFileReference; lastKnownFileType = sourcecode.swift; path = ActivityCoordinator.swift; sourceTree = "<group>"; };
		BF86758D6CD13D12CA27CD74 /* ExternalActivitySource.swift */ = {isa = PBXFileReference; lastKnownFileType = sourcecode.swift; path = ExternalActivitySource.swift; sourceTree = "<group>"; };
		C5862EA366B86BE8A3DFCF56 /* NativeWindowWatcher.swift */ = {isa = PBXFileReference; lastKnownFileType = sourcecode.swift; path = NativeWindowWatcher.swift; sourceTree = "<group>"; };
		E4AE3153E1CBA41A0AA34A1F /* ActivitySource.swift */ = {isa = PBXFileReference; lastKnownFileType = sourcecode.swift; path = ActivitySource.swift; sourceTree = "<group>"; };
		E7D53A0D59076C5C4B090BD2 /* Info.plist */ = {isa = PBXFileReference; lastKnownFileType = text.plist; path = Info.plist; sourceTree = "<group>"; };
		E9EB6302D3213EAF453ABED5 /* AppLogger.swift */ = {isa = PBXFileReference; lastKnownFileType = sourcecode.swift; path = AppLogger.swift; sourceTree = "<group>"; };
		EFB0991C22873BA71F9E7308 /* PermissionManager.swift */ = {isa = PBXFileReference; lastKnownFileType = sourcecode.swift; path = PermissionManager.swift; sourceTree = "<group>"; };
		F0549BF3F33E65AE6E591DEA /* MenuBarView.swift */ = {isa = PBXFileReference; lastKnownFileType = sourcecode.swift; path = MenuBarView.swift; sourceTree = "<group>"; };
		FF4D7C147124E5D7C8339084 /* ActivityDomain.swift */ = {isa = PBXFileReference; lastKnownFileType = sourcecode.swift; path = ActivityDomain.swift; sourceTree = "<group>"; };
/* End PBXFileReference section */

/* Begin PBXGroup section */
		16BCACD612E1E6FE2B33B3DB /* Infrastructure */ = {
			isa = PBXGroup;
			children = (
				65D89403AE982C82EA13E5BF /* DataStore.swift */,
				8BF40DBFFBF5303B0816FD09 /* StreamServer.swift */,
			);
			path = Infrastructure;
			sourceTree = "<group>";
		};
		2A52FC0F406CD1FB82E01DA2 /* Services */ = {
			isa = PBXGroup;
			children = (
				BBB239DBBE772976C93B6AED /* ActivityCoordinator.swift */,
				1160D71D448EE897BE24E544 /* ActivitySourceFactory.swift */,
				325A836ED05E62B071D205E5 /* EmbeddedActivitySource.swift */,
				5847E1116B3A7A71D7D4A861 /* EventBroadcaster.swift */,
				BF86758D6CD13D12CA27CD74 /* ExternalActivitySource.swift */,
				71D117167BDBF22942F57C90 /* HealthMonitor.swift */,
				640BC60E2686D87DE2C31DEF /* MeetingDetector.swift */,
				C5862EA366B86BE8A3DFCF56 /* NativeWindowWatcher.swift */,
				EFB0991C22873BA71F9E7308 /* PermissionManager.swift */,
			);
			path = Services;
			sourceTree = "<group>";
		};
		378B50169A398789699F8D5A /* UI */ = {
			isa = PBXGroup;
			children = (
				F0549BF3F33E65AE6E591DEA /* MenuBarView.swift */,
			);
			path = UI;
			sourceTree = "<group>";
		};
		4EA9B56F587802ED6233FAB9 /* App */ = {
			isa = PBXGroup;
			children = (
				E9EB6302D3213EAF453ABED5 /* AppLogger.swift */,
				A4F37F00ABB26BEE6F858FBA /* FocusHelperApp.swift */,
				92B899BE990F4E1877884F7F /* InstanceGuard.swift */,
			);
			path = App;
			sourceTree = "<group>";
		};
		5E7C1BDA93FD9A3B9D2B24A3 /* FocusHelper */ = {
			isa = PBXGroup;
			children = (
				4EA9B56F587802ED6233FAB9 /* App */,
				8F2D3D113102FED19547A05F /* Domain */,
				16BCACD612E1E6FE2B33B3DB /* Infrastructure */,
				2A52FC0F406CD1FB82E01DA2 /* Services */,
				71F279991B3E9386116D8D44 /* Shared */,
				378B50169A398789699F8D5A /* UI */,
			);
			path = FocusHelper;
			sourceTree = "<group>";
		};
		71F279991B3E9386116D8D44 /* Shared */ = {
			isa = PBXGroup;
			children = (
				1D793AACBBE58D64FFC7E526 /* Models.swift */,
				20D8A70A8E9AA30ADE418495 /* StreamProtocol.swift */,
			);
			path = Shared;
			sourceTree = "<group>";
		};
		8F2D3D113102FED19547A05F /* Domain */ = {
			isa = PBXGroup;
			children = (
				FF4D7C147124E5D7C8339084 /* ActivityDomain.swift */,
				E4AE3153E1CBA41A0AA34A1F /* ActivitySource.swift */,
				94AA71773D6A025DB661552E /* MeetingDomain.swift */,
			);
			path = Domain;
			sourceTree = "<group>";
		};
		965AC8B8ED4B2B971BD3A0B0 /* Sources */ = {
			isa = PBXGroup;
			children = (
				13C0899B26B93AE56F822921 /* Assets.xcassets */,
				E7D53A0D59076C5C4B090BD2 /* Info.plist */,
				5E7C1BDA93FD9A3B9D2B24A3 /* FocusHelper */,
			);
			path = Sources;
			sourceTree = "<group>";
		};
		9B7C6535343D778AFC651273 /* Products */ = {
			isa = PBXGroup;
			children = (
				446E0E8C11F61DFBB031CA60 /* ChronaHelper.app */,
			);
			name = Products;
			sourceTree = "<group>";
		};
		F11D215C47730C9905C29578 = {
			isa = PBXGroup;
			children = (
				965AC8B8ED4B2B971BD3A0B0 /* Sources */,
				9B7C6535343D778AFC651273 /* Products */,
			);
			sourceTree = "<group>";
		};
/* End PBXGroup section */

/* Begin PBXNativeTarget section */
		3B1F589868D96D331189570E /* ChronaHelper */ = {
			isa = PBXNativeTarget;
			buildConfigurationList = 7AB881AE2C54260AE781722F /* Build configuration list for PBXNativeTarget "ChronaHelper" */;
			buildPhases = (
				C4962075C5CE7343C99A1AEC /* Sources */,
				E3890E51166BE61D1194B8C6 /* Resources */,
			);
			buildRules = (
			);
			dependencies = (
			);
			name = ChronaHelper;
			packageProductDependencies = (
			);
			productName = ChronaHelper;
			productReference = 446E0E8C11F61DFBB031CA60 /* ChronaHelper.app */;
			productType = "com.apple.product-type.application";
		};
/* End PBXNativeTarget section */

/* Begin PBXProject section */
		DE98FF3A2EBC836F167548D3 /* Project object */ = {
			isa = PBXProject;
			attributes = {
				BuildIndependentTargetsInParallel = YES;
				LastUpgradeCheck = 1500;
				TargetAttributes = {
					3B1F589868D96D331189570E = {
						DevelopmentTeam = "";
						ProvisioningStyle = Automatic;
					};
				};
			};
			buildConfigurationList = 62F27BBB225C5F549516F1D5 /* Build configuration list for PBXProject "ChronaHelper" */;
			developmentRegion = en;
			hasScannedForEncodings = 0;
			knownRegions = (
				Base,
				en,
			);
			mainGroup = F11D215C47730C9905C29578;
			minimizedProjectReferenceProxies = 1;
			preferredProjectObjectVersion = 77;
			productRefGroup = 9B7C6535343D778AFC651273 /* Products */;
			projectDirPath = "";
			projectRoot = "";
			targets = (
				3B1F589868D96D331189570E /* ChronaHelper */,
			);
		};
/* End PBXProject section */

/* Begin PBXResourcesBuildPhase section */
		E3890E51166BE61D1194B8C6 /* Resources */ = {
			isa = PBXResourcesBuildPhase;
			buildActionMask = 2147483647;
			files = (
				386931D1E152812889CE801E /* Assets.xcassets in Resources */,
			);
			runOnlyForDeploymentPostprocessing = 0;
		};
/* End PBXResourcesBuildPhase section */

/* Begin PBXSourcesBuildPhase section */
		C4962075C5CE7343C99A1AEC /* Sources */ = {
			isa = PBXSourcesBuildPhase;
			buildActionMask = 2147483647;
			files = (
				7CCDE70DF585277D9BE5B2D1 /* ActivityCoordinator.swift in Sources */,
				EB2C8C75E11244CB87E49DA4 /* ActivityDomain.swift in Sources */,
				30BC302E98403A549149F175 /* ActivitySource.swift in Sources */,
				3C92052C8FD0DC70741FBCDE /* ActivitySourceFactory.swift in Sources */,
				275A6F1422A60B0FDAF44E9C /* AppLogger.swift in Sources */,
				03605411B108CA619DFA4C26 /* DataStore.swift in Sources */,
				5143A641F184C1F7CAEA6DF9 /* EmbeddedActivitySource.swift in Sources */,
				42C62FC44CC606DEEEC97ACB /* EventBroadcaster.swift in Sources */,
				25390CF2AEF3535EB56B74B5 /* ExternalActivitySource.swift in Sources */,
				C639AA83A66891F5239BB948 /* FocusHelperApp.swift in Sources */,
				B81B347B541837A968E0F514 /* HealthMonitor.swift in Sources */,
				C540FC47A25646E5D948041D /* InstanceGuard.swift in Sources */,
				8E94F76BA4FB08146662A5DF /* MeetingDetector.swift in Sources */,
				0A40ABFCAAA441886233C4F1 /* MeetingDomain.swift in Sources */,
				9F39D66AF68D9C8DE6F309F2 /* MenuBarView.swift in Sources */,
				F5936A226C45A4C138E29B90 /* Models.swift in Sources */,
				C22C31FB2B53AE191DBAC26A /* NativeWindowWatcher.swift in Sources */,
				184EF705E78F44CB5D2F4E73 /* PermissionManager.swift in Sources */,
				BCFBE8B23E3F6280FF8DFA84 /* StreamProtocol.swift in Sources */,
				7E724D3EB172AE87F0509D4F /* StreamServer.swift in Sources */,
			);
			runOnlyForDeploymentPostprocessing = 0;
		};
/* End PBXSourcesBuildPhase section */

/* Begin XCBuildConfiguration section */
		3195B40E7562F29127D6E7F1 /* Debug */ = {
			isa = XCBuildConfiguration;
			buildSettings = {
				ALWAYS_SEARCH_USER_PATHS = NO;
				CLANG_ANALYZER_NONNULL = YES;
				CLANG_ANALYZER_NUMBER_OBJECT_CONVERSION = YES_AGGRESSIVE;
				CLANG_CXX_LANGUAGE_STANDARD = "gnu++14";
				CLANG_CXX_LIBRARY = "libc++";
				CLANG_ENABLE_MODULES = YES;
				CLANG_ENABLE_OBJC_ARC = YES;
				CLANG_ENABLE_OBJC_WEAK = YES;
				CLANG_WARN_BLOCK_CAPTURE_AUTORELEASING = YES;
				CLANG_WARN_BOOL_CONVERSION = YES;
				CLANG_WARN_COMMA = YES;
				CLANG_WARN_CONSTANT_CONVERSION = YES;
				CLANG_WARN_DEPRECATED_OBJC_IMPLEMENTATIONS = YES;
				CLANG_WARN_DIRECT_OBJC_ISA_USAGE = YES_ERROR;
				CLANG_WARN_DOCUMENTATION_COMMENTS = YES;
				CLANG_WARN_EMPTY_BODY = YES;
				CLANG_WARN_ENUM_CONVERSION = YES;
				CLANG_WARN_INFINITE_RECURSION = YES;
				CLANG_WARN_INT_CONVERSION = YES;
				CLANG_WARN_NON_LITERAL_NULL_CONVERSION = YES;
				CLANG_WARN_OBJC_IMPLICIT_RETAIN_SELF = YES;
				CLANG_WARN_OBJC_LITERAL_CONVERSION = YES;
				CLANG_WARN_OBJC_ROOT_CLASS = YES_ERROR;
				CLANG_WARN_QUOTED_INCLUDE_IN_FRAMEWORK_HEADER = YES;
				CLANG_WARN_RANGE_LOOP_ANALYSIS = YES;
				CLANG_WARN_STRICT_PROTOTYPES = YES;
				CLANG_WARN_SUSPICIOUS_MOVE = YES;
				CLANG_WARN_UNGUARDED_AVAILABILITY = YES_AGGRESSIVE;
				CLANG_WARN_UNREACHABLE_CODE = YES;
				CLANG_WARN__DUPLICATE_METHOD_MATCH = YES;
				COPY_PHASE_STRIP = NO;
				DEBUG_INFORMATION_FORMAT = dwarf;
				ENABLE_STRICT_OBJC_MSGSEND = YES;
				ENABLE_TESTABILITY = YES;
				GCC_C_LANGUAGE_STANDARD = gnu11;
				GCC_DYNAMIC_NO_PIC = NO;
				GCC_NO_COMMON_BLOCKS = YES;
				GCC_OPTIMIZATION_LEVEL = 0;
				GCC_PREPROCESSOR_DEFINITIONS = (
					"$(inherited)",
					"DEBUG=1",
				);
				GCC_WARN_64_TO_32_BIT_CONVERSION = YES;
				GCC_WARN_ABOUT_RETURN_TYPE = YES_ERROR;
				GCC_WARN_UNDECLARED_SELECTOR = YES;
				GCC_WARN_UNINITIALIZED_AUTOS = YES_AGGRESSIVE;
				GCC_WARN_UNUSED_FUNCTION = YES;
				GCC_WARN_UNUSED_VARIABLE = YES;
				MACOSX_DEPLOYMENT_TARGET = 13.0;
				MTL_ENABLE_DEBUG_INFO = INCLUDE_SOURCE;
				MTL_FAST_MATH = YES;
				ONLY_ACTIVE_ARCH = YES;
				PRODUCT_NAME = "$(TARGET_NAME)";
				SDKROOT = macosx;
				SWIFT_ACTIVE_COMPILATION_CONDITIONS = DEBUG;
				SWIFT_OPTIMIZATION_LEVEL = "-Onone";
				SWIFT_VERSION = 5.0;
			};
			name = Debug;
		};
		339981F7DB61BE1C55C4E109 /* Debug */ = {
			isa = XCBuildConfiguration;
			buildSettings = {
				ASSETCATALOG_COMPILER_APPICON_NAME = AppIcon;
				CODE_SIGN_IDENTITY = "-";
				CODE_SIGN_STYLE = Automatic;
				COMBINE_HIDPI_IMAGES = YES;
				DEVELOPMENT_TEAM = "";
				ENABLE_HARDENED_RUNTIME = NO;
				INFOPLIST_FILE = Sources/Info.plist;
				LD_RUNPATH_SEARCH_PATHS = (
					"$(inherited)",
					"@executable_path/../Frameworks",
				);
				MACOSX_DEPLOYMENT_TARGET = 13.0;
				PRODUCT_BUNDLE_IDENTIFIER = com.chrona.ChronaHelper;
				PRODUCT_NAME = ChronaHelper;
				SDKROOT = macosx;
				SWIFT_VERSION = 5.9;
			};
			name = Debug;
		};
		8F9F4E15748978E5FC0C0790 /* Release */ = {
			isa = XCBuildConfiguration;
			buildSettings = {
				ASSETCATALOG_COMPILER_APPICON_NAME = AppIcon;
				CODE_SIGN_IDENTITY = "-";
				CODE_SIGN_STYLE = Automatic;
				COMBINE_HIDPI_IMAGES = YES;
				DEVELOPMENT_TEAM = "";
				ENABLE_HARDENED_RUNTIME = NO;
				INFOPLIST_FILE = Sources/Info.plist;
				LD_RUNPATH_SEARCH_PATHS = (
					"$(inherited)",
					"@executable_path/../Frameworks",
				);
				MACOSX_DEPLOYMENT_TARGET = 13.0;
				PRODUCT_BUNDLE_IDENTIFIER = com.chrona.ChronaHelper;
				PRODUCT_NAME = ChronaHelper;
				SDKROOT = macosx;
				SWIFT_VERSION = 5.9;
			};
			name = Release;
		};
		A7BB92C70C43123AC727CFD4 /* Release */ = {
			isa = XCBuildConfiguration;
			buildSettings = {
				ALWAYS_SEARCH_USER_PATHS = NO;
				CLANG_ANALYZER_NONNULL = YES;
				CLANG_ANALYZER_NUMBER_OBJECT_CONVERSION = YES_AGGRESSIVE;
				CLANG_CXX_LANGUAGE_STANDARD = "gnu++14";
				CLANG_CXX_LIBRARY = "libc++";
				CLANG_ENABLE_MODULES = YES;
				CLANG_ENABLE_OBJC_ARC = YES;
				CLANG_ENABLE_OBJC_WEAK = YES;
				CLANG_WARN_BLOCK_CAPTURE_AUTORELEASING = YES;
				CLANG_WARN_BOOL_CONVERSION = YES;
				CLANG_WARN_COMMA = YES;
				CLANG_WARN_CONSTANT_CONVERSION = YES;
				CLANG_WARN_DEPRECATED_OBJC_IMPLEMENTATIONS = YES;
				CLANG_WARN_DIRECT_OBJC_ISA_USAGE = YES_ERROR;
				CLANG_WARN_DOCUMENTATION_COMMENTS = YES;
				CLANG_WARN_EMPTY_BODY = YES;
				CLANG_WARN_ENUM_CONVERSION = YES;
				CLANG_WARN_INFINITE_RECURSION = YES;
				CLANG_WARN_INT_CONVERSION = YES;
				CLANG_WARN_NON_LITERAL_NULL_CONVERSION = YES;
				CLANG_WARN_OBJC_IMPLICIT_RETAIN_SELF = YES;
				CLANG_WARN_OBJC_LITERAL_CONVERSION = YES;
				CLANG_WARN_OBJC_ROOT_CLASS = YES_ERROR;
				CLANG_WARN_QUOTED_INCLUDE_IN_FRAMEWORK_HEADER = YES;
				CLANG_WARN_RANGE_LOOP_ANALYSIS = YES;
				CLANG_WARN_STRICT_PROTOTYPES = YES;
				CLANG_WARN_SUSPICIOUS_MOVE = YES;
				CLANG_WARN_UNGUARDED_AVAILABILITY = YES_AGGRESSIVE;
				CLANG_WARN_UNREACHABLE_CODE = YES;
				CLANG_WARN__DUPLICATE_METHOD_MATCH = YES;
				COPY_PHASE_STRIP = NO;
				DEBUG_INFORMATION_FORMAT = "dwarf-with-dsym";
				ENABLE_NS_ASSERTIONS = NO;
				ENABLE_STRICT_OBJC_MSGSEND = YES;
				GCC_C_LANGUAGE_STANDARD = gnu11;
				GCC_NO_COMMON_BLOCKS = YES;
				GCC_WARN_64_TO_32_BIT_CONVERSION = YES;
				GCC_WARN_ABOUT_RETURN_TYPE = YES_ERROR;
				GCC_WARN_UNDECLARED_SELECTOR = YES;
				GCC_WARN_UNINITIALIZED_AUTOS = YES_AGGRESSIVE;
				GCC_WARN_UNUSED_FUNCTION = YES;
				GCC_WARN_UNUSED_VARIABLE = YES;
				MACOSX_DEPLOYMENT_TARGET = 13.0;
				MTL_ENABLE_DEBUG_INFO = NO;
				MTL_FAST_MATH = YES;
				PRODUCT_NAME = "$(TARGET_NAME)";
				SDKROOT = macosx;
				SWIFT_COMPILATION_MODE = wholemodule;
				SWIFT_OPTIMIZATION_LEVEL = "-O";
				SWIFT_VERSION = 5.0;
			};
			name = Release;
		};
/* End XCBuildConfiguration section */

/* Begin XCConfigurationList section */
		62F27BBB225C5F549516F1D5 /* Build configuration list for PBXProject "ChronaHelper" */ = {
			isa = XCConfigurationList;
			buildConfigurations = (
				3195B40E7562F29127D6E7F1 /* Debug */,
				A7BB92C70C43123AC727CFD4 /* Release */,
			);
			defaultConfigurationIsVisible = 0;
			defaultConfigurationName = Debug;
		};
		7AB881AE2C54260AE781722F /* Build configuration list for PBXNativeTarget "ChronaHelper" */ = {
			isa = XCConfigurationList;
			buildConfigurations = (
				339981F7DB61BE1C55C4E109 /* Debug */,
				8F9F4E15748978E5FC0C0790 /* Release */,
			);
			defaultConfigurationIsVisible = 0;
			defaultConfigurationName = Debug;
		};
/* End XCConfigurationList section */
	};
	rootObject = DE98FF3A2EBC836F167548D3 /* Project object */;
}
