// !$*UTF8*$!
{
	archiveVersion = 1;
	classes = {
	};
	objectVersion = 77;
	objects = {

/* Begin PBXBuildFile section */
		0E8E2B36473117E3C097CE68 /* StreamServer.swift in Sources */ = {isa = PBXBuildFile; fileRef = D343730A26B7703168B97AA8 /* StreamServer.swift */; };
		1096C9E33C19073FE9F54214 /* PermissionManager.swift in Sources */ = {isa = PBXBuildFile; fileRef = 7A8F8EE33C680523118347EB /* PermissionManager.swift */; };
		2F33C06EBB7A706EA7E5D792 /* HealthMonitor.swift in Sources */ = {isa = PBXBuildFile; fileRef = 292964E97BE3EADFA8401E62 /* HealthMonitor.swift */; };
		31DD35A06872E64B8CE430F1 /* ActivityCoordinator.swift in Sources */ = {isa = PBXBuildFile; fileRef = 9D603B687AEDE2A278F8148D /* ActivityCoordinator.swift */; };
		362FA0D3166C316998C870F8 /* ActivitySource.swift in Sources */ = {isa = PBXBuildFile; fileRef = 82D433FD41D4F40B4A170255 /* ActivitySource.swift */; };
		472D2F5C30FB04B1A4FCB753 /* MenuBarView.swift in Sources */ = {isa = PBXBuildFile; fileRef = 66BE3CF7AC9BE8413FE63D98 /* MenuBarView.swift */; };
		6DD9186E7B8E1F4605A46411 /* AppLogger.swift in Sources */ = {isa = PBXBuildFile; fileRef = 04A86750B6CC7388F8F3FDE4 /* AppLogger.swift */; };
		6EF6205ED9216B5AE8F95A81 /* EventBroadcaster.swift in Sources */ = {isa = PBXBuildFile; fileRef = 56A69651EB574859A6A551A4 /* EventBroadcaster.swift */; };
		6F2253A247E12A4920CEE3A0 /* StreamProtocol.swift in Sources */ = {isa = PBXBuildFile; fileRef = 1A564DC96EB6C0D32CE7030D /* StreamProtocol.swift */; };
		860066888B628D746391B6D9 /* ActivitySourceFactory.swift in Sources */ = {isa = PBXBuildFile; fileRef = 6E9E3DBC0A65130D3EAB0F78 /* ActivitySourceFactory.swift */; };
		8A44ED0FE7462A12EDCD5F5B /* NativeWindowWatcher.swift in Sources */ = {isa = PBXBuildFile; fileRef = A65F11F8F65477715E74D353 /* NativeWindowWatcher.swift */; };
		948BD1D9CB30B610551CB109 /* ActivityDomain.swift in Sources */ = {isa = PBXBuildFile; fileRef = 8826B3440127F9A3594DC02A /* ActivityDomain.swift */; };
		966933FF736A90D669CE804D /* EmbeddedActivitySource.swift in Sources */ = {isa = PBXBuildFile; fileRef = 4DDE03625C6AB1AE01BA576E /* EmbeddedActivitySource.swift */; };
		C1E6A597E1FD5915761C0C1A /* DataStore.swift in Sources */ = {isa = PBXBuildFile; fileRef = 265634DA674CDF12AD564DAD /* DataStore.swift */; };
		C85ADB7E608A8B356CFA82AF /* Models.swift in Sources */ = {isa = PBXBuildFile; fileRef = FABB8DFA9AA346B33DFFD275 /* Models.swift */; };
		D8C873297FA68869861C066C /* FocusHelperApp.swift in Sources */ = {isa = PBXBuildFile; fileRef = FC5AB0CDF5A2974B270635B3 /* FocusHelperApp.swift */; };
		DDF9F3D53F71193C60426D74 /* ExternalActivitySource.swift in Sources */ = {isa = PBXBuildFile; fileRef = 7E347A0936BDEADA3F7F5186 /* ExternalActivitySource.swift */; };
		FF3AE5D33E14B8D379E9BF80 /* InstanceGuard.swift in Sources */ = {isa = PBXBuildFile; fileRef = FC448E823E3892B04A229CEC /* InstanceGuard.swift */; };
/* End PBXBuildFile section */

/* Begin PBXFileReference section */
		04A86750B6CC7388F8F3FDE4 /* AppLogger.swift */ = {isa = PBXFileReference; lastKnownFileType = sourcecode.swift; path = AppLogger.swift; sourceTree = "<group>"; };
		1A564DC96EB6C0D32CE7030D /* StreamProtocol.swift */ = {isa = PBXFileReference; lastKnownFileType = sourcecode.swift; path = StreamProtocol.swift; sourceTree = "<group>"; };
		265634DA674CDF12AD564DAD /* DataStore.swift */ = {isa = PBXFileReference; lastKnownFileType = sourcecode.swift; path = DataStore.swift; sourceTree = "<group>"; };
		292964E97BE3EADFA8401E62 /* HealthMonitor.swift */ = {isa = PBXFileReference; lastKnownFileType = sourcecode.swift; path = HealthMonitor.swift; sourceTree = "<group>"; };
		4DDE03625C6AB1AE01BA576E /* EmbeddedActivitySource.swift */ = {isa = PBXFileReference; lastKnownFileType = sourcecode.swift; path = EmbeddedActivitySource.swift; sourceTree = "<group>"; };
		56A69651EB574859A6A551A4 /* EventBroadcaster.swift */ = {isa = PBXFileReference; lastKnownFileType = sourcecode.swift; path = EventBroadcaster.swift; sourceTree = "<group>"; };
		66BE3CF7AC9BE8413FE63D98 /* MenuBarView.swift */ = {isa = PBXFileReference; lastKnownFileType = sourcecode.swift; path = MenuBarView.swift; sourceTree = "<group>"; };
		6E9E3DBC0A65130D3EAB0F78 /* ActivitySourceFactory.swift */ = {isa = PBXFileReference; lastKnownFileType = sourcecode.swift; path = ActivitySourceFactory.swift; sourceTree = "<group>"; };
		7A8F8EE33C680523118347EB /* PermissionManager.swift */ = {isa = PBXFileReference; lastKnownFileType = sourcecode.swift; path = PermissionManager.swift; sourceTree = "<group>"; };
		7E347A0936BDEADA3F7F5186 /* ExternalActivitySource.swift */ = {isa = PBXFileReference; lastKnownFileType = sourcecode.swift; path = ExternalActivitySource.swift; sourceTree = "<group>"; };
		82D433FD41D4F40B4A170255 /* ActivitySource.swift */ = {isa = PBXFileReference; lastKnownFileType = sourcecode.swift; path = ActivitySource.swift; sourceTree = "<group>"; };
		8826B3440127F9A3594DC02A /* ActivityDomain.swift */ = {isa = PBXFileReference; lastKnownFileType = sourcecode.swift; path = ActivityDomain.swift; sourceTree = "<group>"; };
		9D603B687AEDE2A278F8148D /* ActivityCoordinator.swift */ = {isa = PBXFileReference; lastKnownFileType = sourcecode.swift; path = ActivityCoordinator.swift; sourceTree = "<group>"; };
		9E3B228663946BC39D0AC7A3 /* FocusHelper.app */ = {isa = PBXFileReference; explicitFileType = wrapper.application; includeInIndex = 0; path = FocusHelper.app; sourceTree = BUILT_PRODUCTS_DIR; };
		A65F11F8F65477715E74D353 /* NativeWindowWatcher.swift */ = {isa = PBXFileReference; lastKnownFileType = sourcecode.swift; path = NativeWindowWatcher.swift; sourceTree = "<group>"; };
		CB7DDC505DFF0A472BE2B723 /* Info.plist */ = {isa = PBXFileReference; lastKnownFileType = text.plist; path = Info.plist; sourceTree = "<group>"; };
		D343730A26B7703168B97AA8 /* StreamServer.swift */ = {isa = PBXFileReference; lastKnownFileType = sourcecode.swift; path = StreamServer.swift; sourceTree = "<group>"; };
		FABB8DFA9AA346B33DFFD275 /* Models.swift */ = {isa = PBXFileReference; lastKnownFileType = sourcecode.swift; path = Models.swift; sourceTree = "<group>"; };
		FC448E823E3892B04A229CEC /* InstanceGuard.swift */ = {isa = PBXFileReference; lastKnownFileType = sourcecode.swift; path = InstanceGuard.swift; sourceTree = "<group>"; };
		FC5AB0CDF5A2974B270635B3 /* FocusHelperApp.swift */ = {isa = PBXFileReference; lastKnownFileType = sourcecode.swift; path = FocusHelperApp.swift; sourceTree = "<group>"; };
/* End PBXFileReference section */

/* Begin PBXGroup section */
		344240E1684A50469802BC9F /* Services */ = {
			isa = PBXGroup;
			children = (
				9D603B687AEDE2A278F8148D /* ActivityCoordinator.swift */,
				6E9E3DBC0A65130D3EAB0F78 /* ActivitySourceFactory.swift */,
				4DDE03625C6AB1AE01BA576E /* EmbeddedActivitySource.swift */,
				56A69651EB574859A6A551A4 /* EventBroadcaster.swift */,
				7E347A0936BDEADA3F7F5186 /* ExternalActivitySource.swift */,
				292964E97BE3EADFA8401E62 /* HealthMonitor.swift */,
				A65F11F8F65477715E74D353 /* NativeWindowWatcher.swift */,
				7A8F8EE33C680523118347EB /* PermissionManager.swift */,
			);
			path = Services;
			sourceTree = "<group>";
		};
		4C9B759CD8FC241F2A7FBA01 /* FocusHelper */ = {
			isa = PBXGroup;
			children = (
				92C7CCF0CBDBAB16AC3EB60A /* App */,
				7BFB6AB8776FC084456B45F7 /* Domain */,
				64614436C4F838FC2B0BC7DD /* Infrastructure */,
				344240E1684A50469802BC9F /* Services */,
				BD3D0AC0A428DDE8C115867A /* Shared */,
				BBF6DBAB862653F6B8230EB8 /* UI */,
			);
			path = FocusHelper;
			sourceTree = "<group>";
		};
		5FDA686AE96ACE993D165A20 = {
			isa = PBXGroup;
			children = (
				744045931DC48E7BD7F0A927 /* Sources */,
				E1BD659883FF0B0257002BC7 /* Products */,
			);
			sourceTree = "<group>";
		};
		64614436C4F838FC2B0BC7DD /* Infrastructure */ = {
			isa = PBXGroup;
			children = (
				265634DA674CDF12AD564DAD /* DataStore.swift */,
				D343730A26B7703168B97AA8 /* StreamServer.swift */,
			);
			path = Infrastructure;
			sourceTree = "<group>";
		};
		744045931DC48E7BD7F0A927 /* Sources */ = {
			isa = PBXGroup;
			children = (
				CB7DDC505DFF0A472BE2B723 /* Info.plist */,
				4C9B759CD8FC241F2A7FBA01 /* FocusHelper */,
			);
			path = Sources;
			sourceTree = "<group>";
		};
		7BFB6AB8776FC084456B45F7 /* Domain */ = {
			isa = PBXGroup;
			children = (
				8826B3440127F9A3594DC02A /* ActivityDomain.swift */,
				82D433FD41D4F40B4A170255 /* ActivitySource.swift */,
			);
			path = Domain;
			sourceTree = "<group>";
		};
		92C7CCF0CBDBAB16AC3EB60A /* App */ = {
			isa = PBXGroup;
			children = (
				04A86750B6CC7388F8F3FDE4 /* AppLogger.swift */,
				FC5AB0CDF5A2974B270635B3 /* FocusHelperApp.swift */,
				FC448E823E3892B04A229CEC /* InstanceGuard.swift */,
			);
			path = App;
			sourceTree = "<group>";
		};
		BBF6DBAB862653F6B8230EB8 /* UI */ = {
			isa = PBXGroup;
			children = (
				66BE3CF7AC9BE8413FE63D98 /* MenuBarView.swift */,
			);
			path = UI;
			sourceTree = "<group>";
		};
		BD3D0AC0A428DDE8C115867A /* Shared */ = {
			isa = PBXGroup;
			children = (
				FABB8DFA9AA346B33DFFD275 /* Models.swift */,
				1A564DC96EB6C0D32CE7030D /* StreamProtocol.swift */,
			);
			path = Shared;
			sourceTree = "<group>";
		};
		E1BD659883FF0B0257002BC7 /* Products */ = {
			isa = PBXGroup;
			children = (
				9E3B228663946BC39D0AC7A3 /* FocusHelper.app */,
			);
			name = Products;
			sourceTree = "<group>";
		};
/* End PBXGroup section */

/* Begin PBXNativeTarget section */
		CE2D580A22861571D582E823 /* FocusHelper */ = {
			isa = PBXNativeTarget;
			buildConfigurationList = 978655EBA8941F4A323A9E8F /* Build configuration list for PBXNativeTarget "FocusHelper" */;
			buildPhases = (
				E9063EE4BE2395035452EAE0 /* Sources */,
			);
			buildRules = (
			);
			dependencies = (
			);
			name = FocusHelper;
			packageProductDependencies = (
			);
			productName = FocusHelper;
			productReference = 9E3B228663946BC39D0AC7A3 /* FocusHelper.app */;
			productType = "com.apple.product-type.application";
		};
/* End PBXNativeTarget section */

/* Begin PBXProject section */
		12652C585A5E3F64CD6245A7 /* Project object */ = {
			isa = PBXProject;
			attributes = {
				BuildIndependentTargetsInParallel = YES;
				LastUpgradeCheck = 1500;
				TargetAttributes = {
					CE2D580A22861571D582E823 = {
						DevelopmentTeam = "";
						ProvisioningStyle = Automatic;
					};
				};
			};
			buildConfigurationList = F4D66D5C7B7C1FB8E1A0FCAE /* Build configuration list for PBXProject "FocusHelper" */;
			developmentRegion = en;
			hasScannedForEncodings = 0;
			knownRegions = (
				Base,
				en,
			);
			mainGroup = 5FDA686AE96ACE993D165A20;
			minimizedProjectReferenceProxies = 1;
			preferredProjectObjectVersion = 77;
			productRefGroup = E1BD659883FF0B0257002BC7 /* Products */;
			projectDirPath = "";
			projectRoot = "";
			targets = (
				CE2D580A22861571D582E823 /* FocusHelper */,
			);
		};
/* End PBXProject section */

/* Begin PBXSourcesBuildPhase section */
		E9063EE4BE2395035452EAE0 /* Sources */ = {
			isa = PBXSourcesBuildPhase;
			buildActionMask = 2147483647;
			files = (
				31DD35A06872E64B8CE430F1 /* ActivityCoordinator.swift in Sources */,
				948BD1D9CB30B610551CB109 /* ActivityDomain.swift in Sources */,
				362FA0D3166C316998C870F8 /* ActivitySource.swift in Sources */,
				860066888B628D746391B6D9 /* ActivitySourceFactory.swift in Sources */,
				6DD9186E7B8E1F4605A46411 /* AppLogger.swift in Sources */,
				C1E6A597E1FD5915761C0C1A /* DataStore.swift in Sources */,
				966933FF736A90D669CE804D /* EmbeddedActivitySource.swift in Sources */,
				6EF6205ED9216B5AE8F95A81 /* EventBroadcaster.swift in Sources */,
				DDF9F3D53F71193C60426D74 /* ExternalActivitySource.swift in Sources */,
				D8C873297FA68869861C066C /* FocusHelperApp.swift in Sources */,
				2F33C06EBB7A706EA7E5D792 /* HealthMonitor.swift in Sources */,
				FF3AE5D33E14B8D379E9BF80 /* InstanceGuard.swift in Sources */,
				472D2F5C30FB04B1A4FCB753 /* MenuBarView.swift in Sources */,
				C85ADB7E608A8B356CFA82AF /* Models.swift in Sources */,
				8A44ED0FE7462A12EDCD5F5B /* NativeWindowWatcher.swift in Sources */,
				1096C9E33C19073FE9F54214 /* PermissionManager.swift in Sources */,
				6F2253A247E12A4920CEE3A0 /* StreamProtocol.swift in Sources */,
				0E8E2B36473117E3C097CE68 /* StreamServer.swift in Sources */,
			);
			runOnlyForDeploymentPostprocessing = 0;
		};
/* End PBXSourcesBuildPhase section */

/* Begin XCBuildConfiguration section */
		2285172CCFC99CBE9066032F /* Debug */ = {
			isa = XCBuildConfiguration;
			buildSettings = {
				ASSETCATALOG_COMPILER_APPICON_NAME = AppIcon;
				CODE_SIGN_IDENTITY = "-";
				CODE_SIGN_STYLE = Automatic;
				COMBINE_HIDPI_IMAGES = YES;
				DEVELOPMENT_TEAM = "";
				ENABLE_HARDENED_RUNTIME = NO;
				INFOPLIST_FILE = Sources/Info.plist;
				LD_RUNPATH_SEARCH_PATHS = (
					"$(inherited)",
					"@executable_path/../Frameworks",
				);
				MACOSX_DEPLOYMENT_TARGET = 13.0;
				PRODUCT_BUNDLE_IDENTIFIER = com.focus.FocusHelper;
				PRODUCT_NAME = FocusHelper;
				SDKROOT = macosx;
				SWIFT_VERSION = 5.9;
			};
			name = Debug;
		};
		7C8E05E4BC8C0B37E52BA67E /* Release */ = {
			isa = XCBuildConfiguration;
			buildSettings = {
				ALWAYS_SEARCH_USER_PATHS = NO;
				CLANG_ANALYZER_NONNULL = YES;
				CLANG_ANALYZER_NUMBER_OBJECT_CONVERSION = YES_AGGRESSIVE;
				CLANG_CXX_LANGUAGE_STANDARD = "gnu++14";
				CLANG_CXX_LIBRARY = "libc++";
				CLANG_ENABLE_MODULES = YES;
				CLANG_ENABLE_OBJC_ARC = YES;
				CLANG_ENABLE_OBJC_WEAK = YES;
				CLANG_WARN_BLOCK_CAPTURE_AUTORELEASING = YES;
				CLANG_WARN_BOOL_CONVERSION = YES;
				CLANG_WARN_COMMA = YES;
				CLANG_WARN_CONSTANT_CONVERSION = YES;
				CLANG_WARN_DEPRECATED_OBJC_IMPLEMENTATIONS = YES;
				CLANG_WARN_DIRECT_OBJC_ISA_USAGE = YES_ERROR;
				CLANG_WARN_DOCUMENTATION_COMMENTS = YES;
				CLANG_WARN_EMPTY_BODY = YES;
				CLANG_WARN_ENUM_CONVERSION = YES;
				CLANG_WARN_INFINITE_RECURSION = YES;
				CLANG_WARN_INT_CONVERSION = YES;
				CLANG_WARN_NON_LITERAL_NULL_CONVERSION = YES;
				CLANG_WARN_OBJC_IMPLICIT_RETAIN_SELF = YES;
				CLANG_WARN_OBJC_LITERAL_CONVERSION = YES;
				CLANG_WARN_OBJC_ROOT_CLASS = YES_ERROR;
				CLANG_WARN_QUOTED_INCLUDE_IN_FRAMEWORK_HEADER = YES;
				CLANG_WARN_RANGE_LOOP_ANALYSIS = YES;
				CLANG_WARN_STRICT_PROTOTYPES = YES;
				CLANG_WARN_SUSPICIOUS_MOVE = YES;
				CLANG_WARN_UNGUARDED_AVAILABILITY = YES_AGGRESSIVE;
				CLANG_WARN_UNREACHABLE_CODE = YES;
				CLANG_WARN__DUPLICATE_METHOD_MATCH = YES;
				COPY_PHASE_STRIP = NO;
				DEBUG_INFORMATION_FORMAT = "dwarf-with-dsym";
				ENABLE_NS_ASSERTIONS = NO;
				ENABLE_STRICT_OBJC_MSGSEND = YES;
				GCC_C_LANGUAGE_STANDARD = gnu11;
				GCC_NO_COMMON_BLOCKS = YES;
				GCC_WARN_64_TO_32_BIT_CONVERSION = YES;
				GCC_WARN_ABOUT_RETURN_TYPE = YES_ERROR;
				GCC_WARN_UNDECLARED_SELECTOR = YES;
				GCC_WARN_UNINITIALIZED_AUTOS = YES_AGGRESSIVE;
				GCC_WARN_UNUSED_FUNCTION = YES;
				GCC_WARN_UNUSED_VARIABLE = YES;
				MACOSX_DEPLOYMENT_TARGET = 13.0;
				MTL_ENABLE_DEBUG_INFO = NO;
				MTL_FAST_MATH = YES;
				PRODUCT_NAME = "$(TARGET_NAME)";
				SDKROOT = macosx;
				SWIFT_COMPILATION_MODE = wholemodule;
				SWIFT_OPTIMIZATION_LEVEL = "-O";
				SWIFT_VERSION = 5.0;
			};
			name = Release;
		};
		A0566942632E08F3B84367B1 /* Release */ = {
			isa = XCBuildConfiguration;
			buildSettings = {
				ASSETCATALOG_COMPILER_APPICON_NAME = AppIcon;
				CODE_SIGN_IDENTITY = "-";
				CODE_SIGN_STYLE = Automatic;
				COMBINE_HIDPI_IMAGES = YES;
				DEVELOPMENT_TEAM = "";
				ENABLE_HARDENED_RUNTIME = NO;
				INFOPLIST_FILE = Sources/Info.plist;
				LD_RUNPATH_SEARCH_PATHS = (
					"$(inherited)",
					"@executable_path/../Frameworks",
				);
				MACOSX_DEPLOYMENT_TARGET = 13.0;
				PRODUCT_BUNDLE_IDENTIFIER = com.focus.FocusHelper;
				PRODUCT_NAME = FocusHelper;
				SDKROOT = macosx;
				SWIFT_VERSION = 5.9;
			};
			name = Release;
		};
		B0043A7FC5347185CC333330 /* Debug */ = {
			isa = XCBuildConfiguration;
			buildSettings = {
				ALWAYS_SEARCH_USER_PATHS = NO;
				CLANG_ANALYZER_NONNULL = YES;
				CLANG_ANALYZER_NUMBER_OBJECT_CONVERSION = YES_AGGRESSIVE;
				CLANG_CXX_LANGUAGE_STANDARD = "gnu++14";
				CLANG_CXX_LIBRARY = "libc++";
				CLANG_ENABLE_MODULES = YES;
				CLANG_ENABLE_OBJC_ARC = YES;
				CLANG_ENABLE_OBJC_WEAK = YES;
				CLANG_WARN_BLOCK_CAPTURE_AUTORELEASING = YES;
				CLANG_WARN_BOOL_CONVERSION = YES;
				CLANG_WARN_COMMA = YES;
				CLANG_WARN_CONSTANT_CONVERSION = YES;
				CLANG_WARN_DEPRECATED_OBJC_IMPLEMENTATIONS = YES;
				CLANG_WARN_DIRECT_OBJC_ISA_USAGE = YES_ERROR;
				CLANG_WARN_DOCUMENTATION_COMMENTS = YES;
				CLANG_WARN_EMPTY_BODY = YES;
				CLANG_WARN_ENUM_CONVERSION = YES;
				CLANG_WARN_INFINITE_RECURSION = YES;
				CLANG_WARN_INT_CONVERSION = YES;
				CLANG_WARN_NON_LITERAL_NULL_CONVERSION = YES;
				CLANG_WARN_OBJC_IMPLICIT_RETAIN_SELF = YES;
				CLANG_WARN_OBJC_LITERAL_CONVERSION = YES;
				CLANG_WARN_OBJC_ROOT_CLASS = YES_ERROR;
				CLANG_WARN_QUOTED_INCLUDE_IN_FRAMEWORK_HEADER = YES;
				CLANG_WARN_RANGE_LOOP_ANALYSIS = YES;
				CLANG_WARN_STRICT_PROTOTYPES = YES;
				CLANG_WARN_SUSPICIOUS_MOVE = YES;
				CLANG_WARN_UNGUARDED_AVAILABILITY = YES_AGGRESSIVE;
				CLANG_WARN_UNREACHABLE_CODE = YES;
				CLANG_WARN__DUPLICATE_METHOD_MATCH = YES;
				COPY_PHASE_STRIP = NO;
				DEBUG_INFORMATION_FORMAT = dwarf;
				ENABLE_STRICT_OBJC_MSGSEND = YES;
				ENABLE_TESTABILITY = YES;
				GCC_C_LANGUAGE_STANDARD = gnu11;
				GCC_DYNAMIC_NO_PIC = NO;
				GCC_NO_COMMON_BLOCKS = YES;
				GCC_OPTIMIZATION_LEVEL = 0;
				GCC_PREPROCESSOR_DEFINITIONS = (
					"$(inherited)",
					"DEBUG=1",
				);
				GCC_WARN_64_TO_32_BIT_CONVERSION = YES;
				GCC_WARN_ABOUT_RETURN_TYPE = YES_ERROR;
				GCC_WARN_UNDECLARED_SELECTOR = YES;
				GCC_WARN_UNINITIALIZED_AUTOS = YES_AGGRESSIVE;
				GCC_WARN_UNUSED_FUNCTION = YES;
				GCC_WARN_UNUSED_VARIABLE = YES;
				MACOSX_DEPLOYMENT_TARGET = 13.0;
				MTL_ENABLE_DEBUG_INFO = INCLUDE_SOURCE;
				MTL_FAST_MATH = YES;
				ONLY_ACTIVE_ARCH = YES;
				PRODUCT_NAME = "$(TARGET_NAME)";
				SDKROOT = macosx;
				SWIFT_ACTIVE_COMPILATION_CONDITIONS = DEBUG;
				SWIFT_OPTIMIZATION_LEVEL = "-Onone";
				SWIFT_VERSION = 5.0;
			};
			name = Debug;
		};
/* End XCBuildConfiguration section */

/* Begin XCConfigurationList section */
		978655EBA8941F4A323A9E8F /* Build configuration list for PBXNativeTarget "FocusHelper" */ = {
			isa = XCConfigurationList;
			buildConfigurations = (
				2285172CCFC99CBE9066032F /* Debug */,
				A0566942632E08F3B84367B1 /* Release */,
			);
			defaultConfigurationIsVisible = 0;
			defaultConfigurationName = Debug;
		};
		F4D66D5C7B7C1FB8E1A0FCAE /* Build configuration list for PBXProject "FocusHelper" */ = {
			isa = XCConfigurationList;
			buildConfigurations = (
				B0043A7FC5347185CC333330 /* Debug */,
				7C8E05E4BC8C0B37E52BA67E /* Release */,
			);
			defaultConfigurationIsVisible = 0;
			defaultConfigurationName = Debug;
		};
/* End XCConfigurationList section */
	};
	rootObject = 12652C585A5E3F64CD6245A7 /* Project object */;
}
